// !$*UTF8*$!
{
	archiveVersion = 1;
	classes = {
	};
	objectVersion = 50;
	objects = {

/* Begin PBXBuildFile section */
		1671373A223F1D8300BFCC9D /* AppDelegate.swift in Sources */ = {isa = PBXBuildFile; fileRef = 16713739223F1D8300BFCC9D /* AppDelegate.swift */; };
		1671373F223F1D8300BFCC9D /* Main.storyboard in Resources */ = {isa = PBXBuildFile; fileRef = 1671373D223F1D8300BFCC9D /* Main.storyboard */; };
		16713744223F1D8400BFCC9D /* LaunchScreen.storyboard in Resources */ = {isa = PBXBuildFile; fileRef = 16713742223F1D8400BFCC9D /* LaunchScreen.storyboard */; };
		6D2194C62259932D0089924D /* Object+CKRecord.swift in Sources */ = {isa = PBXBuildFile; fileRef = 6D2194C52259932D0089924D /* Object+CKRecord.swift */; };
		6D8659FF2244BF240060417B /* AuthenticationServices.framework in Frameworks */ = {isa = PBXBuildFile; fileRef = 6D8659FE2244BF240060417B /* AuthenticationServices.framework */; };
		6D865A052244C77B0060417B /* AuthenticationServices.framework in Frameworks */ = {isa = PBXBuildFile; fileRef = 6D8659FE2244BF240060417B /* AuthenticationServices.framework */; };
		6D865A0B2244C77B0060417B /* MainInterface.storyboard in Resources */ = {isa = PBXBuildFile; fileRef = 6D865A092244C77B0060417B /* MainInterface.storyboard */; };
		6D865A102244C77B0060417B /* credential-provider.appex in Embed App Extensions */ = {isa = PBXBuildFile; fileRef = 6D865A042244C77B0060417B /* credential-provider.appex */; settings = {ATTRIBUTES = (RemoveHeadersOnCopy, ); }; };
		6D8A62EE225486D700329B0C /* CloudKit.framework in Frameworks */ = {isa = PBXBuildFile; fileRef = 6D8A62ED225486D600329B0C /* CloudKit.framework */; };
		6D8A62F22257357100329B0C /* CloudKitAPI.swift in Sources */ = {isa = PBXBuildFile; fileRef = 6D8A62F12257357100329B0C /* CloudKitAPI.swift */; };
		B629CA1822519C57004A80B3 /* Realm.framework in Frameworks */ = {isa = PBXBuildFile; fileRef = B629CA1622519C57004A80B3 /* Realm.framework */; };
		B629CA1922519C57004A80B3 /* RealmSwift.framework in Frameworks */ = {isa = PBXBuildFile; fileRef = B629CA1722519C57004A80B3 /* RealmSwift.framework */; };
		B629CA1D2251A2C5004A80B3 /* Credential.swift in Sources */ = {isa = PBXBuildFile; fileRef = B629CA1C2251A2C5004A80B3 /* Credential.swift */; };
		B665CFD62251E1CC003DDFB5 /* RealmAPI.swift in Sources */ = {isa = PBXBuildFile; fileRef = B665CFD52251E1CC003DDFB5 /* RealmAPI.swift */; };
		B665CFD922520018003DDFB5 /* CredentialProviderViewController.swift in Sources */ = {isa = PBXBuildFile; fileRef = 6D865A072244C77B0060417B /* CredentialProviderViewController.swift */; };
		B665CFDA22520068003DDFB5 /* Credential.swift in Sources */ = {isa = PBXBuildFile; fileRef = B629CA1C2251A2C5004A80B3 /* Credential.swift */; };
		B665CFDB22520068003DDFB5 /* RealmAPI.swift in Sources */ = {isa = PBXBuildFile; fileRef = B665CFD52251E1CC003DDFB5 /* RealmAPI.swift */; };
		B665CFDC225200DB003DDFB5 /* Realm.framework in Frameworks */ = {isa = PBXBuildFile; fileRef = B629CA1622519C57004A80B3 /* Realm.framework */; };
		B665CFDD225200DB003DDFB5 /* RealmSwift.framework in Frameworks */ = {isa = PBXBuildFile; fileRef = B629CA1722519C57004A80B3 /* RealmSwift.framework */; };
		D716F747225FB95800D1F77D /* LoginFormTableViewController.swift in Sources */ = {isa = PBXBuildFile; fileRef = D716F746225FB95800D1F77D /* LoginFormTableViewController.swift */; };
		D716F7492263CD8E00D1F77D /* BeamTableViewController.swift in Sources */ = {isa = PBXBuildFile; fileRef = D716F7482263CD8E00D1F77D /* BeamTableViewController.swift */; };
		D716F74B2263CE5700D1F77D /* BeamTableViewCell.swift in Sources */ = {isa = PBXBuildFile; fileRef = D716F74A2263CE5700D1F77D /* BeamTableViewCell.swift */; };
		D716F74F2263D5D300D1F77D /* Assets.xcassets in Resources */ = {isa = PBXBuildFile; fileRef = D716F74E2263D5D300D1F77D /* Assets.xcassets */; };
		D716F7512264181B00D1F77D /* LoginDetailViewController.swift in Sources */ = {isa = PBXBuildFile; fileRef = D716F7502264181B00D1F77D /* LoginDetailViewController.swift */; };
		D716F7532264280600D1F77D /* BeamViewController.swift in Sources */ = {isa = PBXBuildFile; fileRef = D716F7522264280600D1F77D /* BeamViewController.swift */; };
		D716F7572264F9EC00D1F77D /* BeamExtTableViewController.swift in Sources */ = {isa = PBXBuildFile; fileRef = D716F7562264F9EC00D1F77D /* BeamExtTableViewController.swift */; };
		D716F7592264FB1400D1F77D /* BeamExtTableViewCell.swift in Sources */ = {isa = PBXBuildFile; fileRef = D716F7582264FB1400D1F77D /* BeamExtTableViewCell.swift */; };
		D716F75A22654E5B00D1F77D /* Assets.xcassets in Resources */ = {isa = PBXBuildFile; fileRef = D716F74E2263D5D300D1F77D /* Assets.xcassets */; };
		D74B4F0A22483914003D7345 /* MainViewController.swift in Sources */ = {isa = PBXBuildFile; fileRef = D74B4F0922483914003D7345 /* MainViewController.swift */; };
		D74B4F0C22483D4D003D7345 /* AddNewLoginViewController.swift in Sources */ = {isa = PBXBuildFile; fileRef = D74B4F0B22483D4D003D7345 /* AddNewLoginViewController.swift */; };
/* End PBXBuildFile section */

/* Begin PBXContainerItemProxy section */
		6D865A0E2244C77B0060417B /* PBXContainerItemProxy */ = {
			isa = PBXContainerItemProxy;
			containerPortal = 1671372E223F1D8300BFCC9D /* Project object */;
			proxyType = 1;
			remoteGlobalIDString = 6D865A032244C77B0060417B;
			remoteInfo = "credential-provider";
		};
/* End PBXContainerItemProxy section */

/* Begin PBXCopyFilesBuildPhase section */
		6D865A142244C77B0060417B /* Embed App Extensions */ = {
			isa = PBXCopyFilesBuildPhase;
			buildActionMask = 2147483647;
			dstPath = "";
			dstSubfolderSpec = 13;
			files = (
				6D865A102244C77B0060417B /* credential-provider.appex in Embed App Extensions */,
			);
			name = "Embed App Extensions";
			runOnlyForDeploymentPostprocessing = 0;
		};
/* End PBXCopyFilesBuildPhase section */

/* Begin PBXFileReference section */
		16713736223F1D8300BFCC9D /* pass-share.app */ = {isa = PBXFileReference; explicitFileType = wrapper.application; includeInIndex = 0; path = "pass-share.app"; sourceTree = BUILT_PRODUCTS_DIR; };
		16713739223F1D8300BFCC9D /* AppDelegate.swift */ = {isa = PBXFileReference; lastKnownFileType = sourcecode.swift; path = AppDelegate.swift; sourceTree = "<group>"; };
		1671373E223F1D8300BFCC9D /* Base */ = {isa = PBXFileReference; lastKnownFileType = file.storyboard; name = Base; path = Base.lproj/Main.storyboard; sourceTree = "<group>"; };
		16713743223F1D8400BFCC9D /* Base */ = {isa = PBXFileReference; lastKnownFileType = file.storyboard; name = Base; path = Base.lproj/LaunchScreen.storyboard; sourceTree = "<group>"; };
		16713745223F1D8400BFCC9D /* Info.plist */ = {isa = PBXFileReference; lastKnownFileType = text.plist.xml; path = Info.plist; sourceTree = "<group>"; };
		6D2194C52259932D0089924D /* Object+CKRecord.swift */ = {isa = PBXFileReference; lastKnownFileType = sourcecode.swift; path = "Object+CKRecord.swift"; sourceTree = "<group>"; };
		6D8659FC2244BF240060417B /* pass-share.entitlements */ = {isa = PBXFileReference; lastKnownFileType = text.plist.entitlements; path = "pass-share.entitlements"; sourceTree = "<group>"; };
		6D8659FE2244BF240060417B /* AuthenticationServices.framework */ = {isa = PBXFileReference; lastKnownFileType = wrapper.framework; name = AuthenticationServices.framework; path = System/Library/Frameworks/AuthenticationServices.framework; sourceTree = SDKROOT; };
		6D865A042244C77B0060417B /* credential-provider.appex */ = {isa = PBXFileReference; explicitFileType = "wrapper.app-extension"; includeInIndex = 0; path = "credential-provider.appex"; sourceTree = BUILT_PRODUCTS_DIR; };
		6D865A072244C77B0060417B /* CredentialProviderViewController.swift */ = {isa = PBXFileReference; lastKnownFileType = sourcecode.swift; path = CredentialProviderViewController.swift; sourceTree = "<group>"; };
		6D865A0A2244C77B0060417B /* Base */ = {isa = PBXFileReference; lastKnownFileType = file.storyboard; name = Base; path = Base.lproj/MainInterface.storyboard; sourceTree = "<group>"; };
		6D865A0C2244C77B0060417B /* Info.plist */ = {isa = PBXFileReference; lastKnownFileType = text.plist.xml; path = Info.plist; sourceTree = "<group>"; };
		6D865A0D2244C77B0060417B /* credential_provider.entitlements */ = {isa = PBXFileReference; lastKnownFileType = text.plist.entitlements; path = credential_provider.entitlements; sourceTree = "<group>"; };
		6D8A62ED225486D600329B0C /* CloudKit.framework */ = {isa = PBXFileReference; lastKnownFileType = wrapper.framework; name = CloudKit.framework; path = System/Library/Frameworks/CloudKit.framework; sourceTree = SDKROOT; };
		6D8A62F12257357100329B0C /* CloudKitAPI.swift */ = {isa = PBXFileReference; lastKnownFileType = sourcecode.swift; path = CloudKitAPI.swift; sourceTree = "<group>"; };
		B629CA1622519C57004A80B3 /* Realm.framework */ = {isa = PBXFileReference; lastKnownFileType = wrapper.framework; name = Realm.framework; path = Carthage/Build/iOS/Realm.framework; sourceTree = "<group>"; };
		B629CA1722519C57004A80B3 /* RealmSwift.framework */ = {isa = PBXFileReference; lastKnownFileType = wrapper.framework; name = RealmSwift.framework; path = Carthage/Build/iOS/RealmSwift.framework; sourceTree = "<group>"; };
		B629CA1C2251A2C5004A80B3 /* Credential.swift */ = {isa = PBXFileReference; lastKnownFileType = sourcecode.swift; path = Credential.swift; sourceTree = "<group>"; };
		B665CFD52251E1CC003DDFB5 /* RealmAPI.swift */ = {isa = PBXFileReference; lastKnownFileType = sourcecode.swift; path = RealmAPI.swift; sourceTree = "<group>"; };
		D716F746225FB95800D1F77D /* LoginFormTableViewController.swift */ = {isa = PBXFileReference; lastKnownFileType = sourcecode.swift; path = LoginFormTableViewController.swift; sourceTree = "<group>"; };
		D716F7482263CD8E00D1F77D /* BeamTableViewController.swift */ = {isa = PBXFileReference; lastKnownFileType = sourcecode.swift; path = BeamTableViewController.swift; sourceTree = "<group>"; };
		D716F74A2263CE5700D1F77D /* BeamTableViewCell.swift */ = {isa = PBXFileReference; lastKnownFileType = sourcecode.swift; path = BeamTableViewCell.swift; sourceTree = "<group>"; };
		D716F74E2263D5D300D1F77D /* Assets.xcassets */ = {isa = PBXFileReference; lastKnownFileType = folder.assetcatalog; path = Assets.xcassets; sourceTree = "<group>"; };
		D716F7502264181B00D1F77D /* LoginDetailViewController.swift */ = {isa = PBXFileReference; lastKnownFileType = sourcecode.swift; path = LoginDetailViewController.swift; sourceTree = "<group>"; };
		D716F7522264280600D1F77D /* BeamViewController.swift */ = {isa = PBXFileReference; lastKnownFileType = sourcecode.swift; path = BeamViewController.swift; sourceTree = "<group>"; };
		D716F7562264F9EC00D1F77D /* BeamExtTableViewController.swift */ = {isa = PBXFileReference; lastKnownFileType = sourcecode.swift; path = BeamExtTableViewController.swift; sourceTree = "<group>"; };
		D716F7582264FB1400D1F77D /* BeamExtTableViewCell.swift */ = {isa = PBXFileReference; lastKnownFileType = sourcecode.swift; path = BeamExtTableViewCell.swift; sourceTree = "<group>"; };
		D74B4F0922483914003D7345 /* MainViewController.swift */ = {isa = PBXFileReference; lastKnownFileType = sourcecode.swift; path = MainViewController.swift; sourceTree = "<group>"; };
		D74B4F0B22483D4D003D7345 /* AddNewLoginViewController.swift */ = {isa = PBXFileReference; lastKnownFileType = sourcecode.swift; path = AddNewLoginViewController.swift; sourceTree = "<group>"; };
/* End PBXFileReference section */

/* Begin PBXFrameworksBuildPhase section */
		16713733223F1D8300BFCC9D /* Frameworks */ = {
			isa = PBXFrameworksBuildPhase;
			buildActionMask = 2147483647;
			files = (
				6D8659FF2244BF240060417B /* AuthenticationServices.framework in Frameworks */,
				6D8A62EE225486D700329B0C /* CloudKit.framework in Frameworks */,
				B629CA1822519C57004A80B3 /* Realm.framework in Frameworks */,
				B629CA1922519C57004A80B3 /* RealmSwift.framework in Frameworks */,
			);
			runOnlyForDeploymentPostprocessing = 0;
		};
		6D865A012244C77B0060417B /* Frameworks */ = {
			isa = PBXFrameworksBuildPhase;
			buildActionMask = 2147483647;
			files = (
				6D865A052244C77B0060417B /* AuthenticationServices.framework in Frameworks */,
				B665CFDC225200DB003DDFB5 /* Realm.framework in Frameworks */,
				B665CFDD225200DB003DDFB5 /* RealmSwift.framework in Frameworks */,
			);
			runOnlyForDeploymentPostprocessing = 0;
		};
/* End PBXFrameworksBuildPhase section */

/* Begin PBXGroup section */
		1671372D223F1D8300BFCC9D = {
			isa = PBXGroup;
			children = (
				16713738223F1D8300BFCC9D /* pass-share */,
				6D865A062244C77B0060417B /* credential-provider */,
				16713737223F1D8300BFCC9D /* Products */,
				6D8659FD2244BF240060417B /* Frameworks */,
			);
			sourceTree = "<group>";
		};
		16713737223F1D8300BFCC9D /* Products */ = {
			isa = PBXGroup;
			children = (
				16713736223F1D8300BFCC9D /* pass-share.app */,
				6D865A042244C77B0060417B /* credential-provider.appex */,
			);
			name = Products;
			sourceTree = "<group>";
		};
		16713738223F1D8300BFCC9D /* pass-share */ = {
			isa = PBXGroup;
			children = (
				D716F74E2263D5D300D1F77D /* Assets.xcassets */,
				6D8A62F0225730A900329B0C /* cloudkit */,
				B629CA1E2251A3CD004A80B3 /* realm */,
				6D8659FC2244BF240060417B /* pass-share.entitlements */,
				16713745223F1D8400BFCC9D /* Info.plist */,
				16713739223F1D8300BFCC9D /* AppDelegate.swift */,
				16713742223F1D8400BFCC9D /* LaunchScreen.storyboard */,
				1671373D223F1D8300BFCC9D /* Main.storyboard */,
				D74B4F0922483914003D7345 /* MainViewController.swift */,
				D74B4F0B22483D4D003D7345 /* AddNewLoginViewController.swift */,
				D716F746225FB95800D1F77D /* LoginFormTableViewController.swift */,
				D716F7522264280600D1F77D /* BeamViewController.swift */,
				D716F7482263CD8E00D1F77D /* BeamTableViewController.swift */,
				D716F74A2263CE5700D1F77D /* BeamTableViewCell.swift */,
				D716F7502264181B00D1F77D /* LoginDetailViewController.swift */,
			);
			path = "pass-share";
			sourceTree = "<group>";
		};
		6D8659FD2244BF240060417B /* Frameworks */ = {
			isa = PBXGroup;
			children = (
				6D8A62ED225486D600329B0C /* CloudKit.framework */,
				B629CA1622519C57004A80B3 /* Realm.framework */,
				B629CA1722519C57004A80B3 /* RealmSwift.framework */,
				6D8659FE2244BF240060417B /* AuthenticationServices.framework */,
			);
			name = Frameworks;
			sourceTree = "<group>";
		};
		6D865A062244C77B0060417B /* credential-provider */ = {
			isa = PBXGroup;
			children = (
				6D865A072244C77B0060417B /* CredentialProviderViewController.swift */,
				D716F7562264F9EC00D1F77D /* BeamExtTableViewController.swift */,
				D716F7582264FB1400D1F77D /* BeamExtTableViewCell.swift */,
				6D865A092244C77B0060417B /* MainInterface.storyboard */,
				6D865A0C2244C77B0060417B /* Info.plist */,
				6D865A0D2244C77B0060417B /* credential_provider.entitlements */,
			);
			path = "credential-provider";
			sourceTree = "<group>";
		};
		6D8A62F0225730A900329B0C /* cloudkit */ = {
			isa = PBXGroup;
			children = (
				6D8A62F12257357100329B0C /* CloudKitAPI.swift */,
			);
			path = cloudkit;
			sourceTree = "<group>";
		};
		B629CA1B2251A270004A80B3 /* objects */ = {
			isa = PBXGroup;
			children = (
				B629CA1C2251A2C5004A80B3 /* Credential.swift */,
				6D2194C52259932D0089924D /* Object+CKRecord.swift */,
			);
			path = objects;
			sourceTree = "<group>";
		};
		B629CA1E2251A3CD004A80B3 /* realm */ = {
			isa = PBXGroup;
			children = (
				B629CA1B2251A270004A80B3 /* objects */,
				B665CFD52251E1CC003DDFB5 /* RealmAPI.swift */,
			);
			name = realm;
			sourceTree = "<group>";
		};
/* End PBXGroup section */

/* Begin PBXNativeTarget section */
		16713735223F1D8300BFCC9D /* pass-share */ = {
			isa = PBXNativeTarget;
			buildConfigurationList = 16713748223F1D8400BFCC9D /* Build configuration list for PBXNativeTarget "pass-share" */;
			buildPhases = (
				16713732223F1D8300BFCC9D /* Sources */,
				16713733223F1D8300BFCC9D /* Frameworks */,
				16713734223F1D8300BFCC9D /* Resources */,
				6D865A142244C77B0060417B /* Embed App Extensions */,
				B629CA1A22519C91004A80B3 /* ShellScript */,
			);
			buildRules = (
			);
			dependencies = (
				6D865A0F2244C77B0060417B /* PBXTargetDependency */,
			);
			name = "pass-share";
			productName = "pass-share";
			productReference = 16713736223F1D8300BFCC9D /* pass-share.app */;
			productType = "com.apple.product-type.application";
		};
		6D865A032244C77B0060417B /* credential-provider */ = {
			isa = PBXNativeTarget;
			buildConfigurationList = 6D865A132244C77B0060417B /* Build configuration list for PBXNativeTarget "credential-provider" */;
			buildPhases = (
				6D865A002244C77B0060417B /* Sources */,
				6D865A012244C77B0060417B /* Frameworks */,
				6D865A022244C77B0060417B /* Resources */,
				B665CFDE225200E1003DDFB5 /* ShellScript */,
			);
			buildRules = (
			);
			dependencies = (
			);
			name = "credential-provider";
			productName = "credential-provider";
			productReference = 6D865A042244C77B0060417B /* credential-provider.appex */;
			productType = "com.apple.product-type.app-extension";
		};
/* End PBXNativeTarget section */

/* Begin PBXProject section */
		1671372E223F1D8300BFCC9D /* Project object */ = {
			isa = PBXProject;
			attributes = {
				LastSwiftUpdateCheck = 1010;
				LastUpgradeCheck = 1010;
				ORGANIZATIONNAME = "Pass Share";
				TargetAttributes = {
					16713735223F1D8300BFCC9D = {
						CreatedOnToolsVersion = 10.1;
						LastSwiftMigration = 1020;
						SystemCapabilities = {
							com.apple.ApplicationGroups.iOS = {
								enabled = 1;
							};
							com.apple.AutoFillCredentialProvider = {
								enabled = 1;
							};
							com.apple.Push = {
								enabled = 1;
							};
							com.apple.iCloud = {
								enabled = 1;
							};
						};
					};
					6D865A032244C77B0060417B = {
						CreatedOnToolsVersion = 10.1;
						LastSwiftMigration = 1020;
						SystemCapabilities = {
							com.apple.ApplicationGroups.iOS = {
								enabled = 1;
							};
						};
					};
				};
			};
			buildConfigurationList = 16713731223F1D8300BFCC9D /* Build configuration list for PBXProject "pass-share" */;
			compatibilityVersion = "Xcode 9.3";
			developmentRegion = en;
			hasScannedForEncodings = 0;
			knownRegions = (
				en,
				Base,
			);
			mainGroup = 1671372D223F1D8300BFCC9D;
			productRefGroup = 16713737223F1D8300BFCC9D /* Products */;
			projectDirPath = "";
			projectRoot = "";
			targets = (
				16713735223F1D8300BFCC9D /* pass-share */,
				6D865A032244C77B0060417B /* credential-provider */,
			);
		};
/* End PBXProject section */

/* Begin PBXResourcesBuildPhase section */
		16713734223F1D8300BFCC9D /* Resources */ = {
			isa = PBXResourcesBuildPhase;
			buildActionMask = 2147483647;
			files = (
				16713744223F1D8400BFCC9D /* LaunchScreen.storyboard in Resources */,
				D716F74F2263D5D300D1F77D /* Assets.xcassets in Resources */,
				1671373F223F1D8300BFCC9D /* Main.storyboard in Resources */,
			);
			runOnlyForDeploymentPostprocessing = 0;
		};
		6D865A022244C77B0060417B /* Resources */ = {
			isa = PBXResourcesBuildPhase;
			buildActionMask = 2147483647;
			files = (
				D716F75A22654E5B00D1F77D /* Assets.xcassets in Resources */,
				6D865A0B2244C77B0060417B /* MainInterface.storyboard in Resources */,
			);
			runOnlyForDeploymentPostprocessing = 0;
		};
/* End PBXResourcesBuildPhase section */

/* Begin PBXShellScriptBuildPhase section */
		B629CA1A22519C91004A80B3 /* ShellScript */ = {
			isa = PBXShellScriptBuildPhase;
			buildActionMask = 2147483647;
			files = (
			);
			inputFileListPaths = (
			);
			inputPaths = (
				"$(SRCROOT)/Carthage/Build/iOS/Realm.framework",
				"$(SRCROOT)/Carthage/Build/iOS/RealmSwift.framework",
			);
			outputFileListPaths = (
			);
			outputPaths = (
			);
			runOnlyForDeploymentPostprocessing = 0;
			shellPath = /bin/sh;
			shellScript = "/usr/local/bin/carthage copy-frameworks\n";
		};
		B665CFDE225200E1003DDFB5 /* ShellScript */ = {
			isa = PBXShellScriptBuildPhase;
			buildActionMask = 2147483647;
			files = (
			);
			inputFileListPaths = (
			);
			inputPaths = (
				"$(SRCROOT)/Carthage/Build/iOS/Realm.framework",
				"$(SRCROOT)/Carthage/Build/iOS/RealmSwift.framework",
			);
			outputFileListPaths = (
			);
			outputPaths = (
			);
			runOnlyForDeploymentPostprocessing = 0;
			shellPath = /bin/sh;
			shellScript = "/usr/local/bin/carthage copy-frameworks\n";
		};
/* End PBXShellScriptBuildPhase section */

/* Begin PBXSourcesBuildPhase section */
		16713732223F1D8300BFCC9D /* Sources */ = {
			isa = PBXSourcesBuildPhase;
			buildActionMask = 2147483647;
			files = (
				B665CFD62251E1CC003DDFB5 /* RealmAPI.swift in Sources */,
				D74B4F0A22483914003D7345 /* MainViewController.swift in Sources */,
				D716F74B2263CE5700D1F77D /* BeamTableViewCell.swift in Sources */,
				D74B4F0C22483D4D003D7345 /* AddNewLoginViewController.swift in Sources */,
				D716F747225FB95800D1F77D /* LoginFormTableViewController.swift in Sources */,
				6D2194C62259932D0089924D /* Object+CKRecord.swift in Sources */,
				B629CA1D2251A2C5004A80B3 /* Credential.swift in Sources */,
				D716F7512264181B00D1F77D /* LoginDetailViewController.swift in Sources */,
				1671373A223F1D8300BFCC9D /* AppDelegate.swift in Sources */,
				6D8A62F22257357100329B0C /* CloudKitAPI.swift in Sources */,
				D716F7492263CD8E00D1F77D /* BeamTableViewController.swift in Sources */,
				D716F7532264280600D1F77D /* BeamViewController.swift in Sources */,
			);
			runOnlyForDeploymentPostprocessing = 0;
		};
		6D865A002244C77B0060417B /* Sources */ = {
			isa = PBXSourcesBuildPhase;
			buildActionMask = 2147483647;
			files = (
				D716F7572264F9EC00D1F77D /* BeamExtTableViewController.swift in Sources */,
				B665CFDA22520068003DDFB5 /* Credential.swift in Sources */,
				B665CFDB22520068003DDFB5 /* RealmAPI.swift in Sources */,
				B665CFD922520018003DDFB5 /* CredentialProviderViewController.swift in Sources */,
				D716F7592264FB1400D1F77D /* BeamExtTableViewCell.swift in Sources */,
			);
			runOnlyForDeploymentPostprocessing = 0;
		};
/* End PBXSourcesBuildPhase section */

/* Begin PBXTargetDependency section */
		6D865A0F2244C77B0060417B /* PBXTargetDependency */ = {
			isa = PBXTargetDependency;
			target = 6D865A032244C77B0060417B /* credential-provider */;
			targetProxy = 6D865A0E2244C77B0060417B /* PBXContainerItemProxy */;
		};
/* End PBXTargetDependency section */

/* Begin PBXVariantGroup section */
		1671373D223F1D8300BFCC9D /* Main.storyboard */ = {
			isa = PBXVariantGroup;
			children = (
				1671373E223F1D8300BFCC9D /* Base */,
			);
			name = Main.storyboard;
			sourceTree = "<group>";
		};
		16713742223F1D8400BFCC9D /* LaunchScreen.storyboard */ = {
			isa = PBXVariantGroup;
			children = (
				16713743223F1D8400BFCC9D /* Base */,
			);
			name = LaunchScreen.storyboard;
			sourceTree = "<group>";
		};
		6D865A092244C77B0060417B /* MainInterface.storyboard */ = {
			isa = PBXVariantGroup;
			children = (
				6D865A0A2244C77B0060417B /* Base */,
			);
			name = MainInterface.storyboard;
			sourceTree = "<group>";
		};
/* End PBXVariantGroup section */

/* Begin XCBuildConfiguration section */
		16713746223F1D8400BFCC9D /* Debug */ = {
			isa = XCBuildConfiguration;
			buildSettings = {
				ALWAYS_SEARCH_USER_PATHS = NO;
				CLANG_ANALYZER_NONNULL = YES;
				CLANG_ANALYZER_NUMBER_OBJECT_CONVERSION = YES_AGGRESSIVE;
				CLANG_CXX_LANGUAGE_STANDARD = "gnu++14";
				CLANG_CXX_LIBRARY = "libc++";
				CLANG_ENABLE_MODULES = YES;
				CLANG_ENABLE_OBJC_ARC = YES;
				CLANG_ENABLE_OBJC_WEAK = YES;
				CLANG_WARN_BLOCK_CAPTURE_AUTORELEASING = YES;
				CLANG_WARN_BOOL_CONVERSION = YES;
				CLANG_WARN_COMMA = YES;
				CLANG_WARN_CONSTANT_CONVERSION = YES;
				CLANG_WARN_DEPRECATED_OBJC_IMPLEMENTATIONS = YES;
				CLANG_WARN_DIRECT_OBJC_ISA_USAGE = YES_ERROR;
				CLANG_WARN_DOCUMENTATION_COMMENTS = YES;
				CLANG_WARN_EMPTY_BODY = YES;
				CLANG_WARN_ENUM_CONVERSION = YES;
				CLANG_WARN_INFINITE_RECURSION = YES;
				CLANG_WARN_INT_CONVERSION = YES;
				CLANG_WARN_NON_LITERAL_NULL_CONVERSION = YES;
				CLANG_WARN_OBJC_IMPLICIT_RETAIN_SELF = YES;
				CLANG_WARN_OBJC_LITERAL_CONVERSION = YES;
				CLANG_WARN_OBJC_ROOT_CLASS = YES_ERROR;
				CLANG_WARN_RANGE_LOOP_ANALYSIS = YES;
				CLANG_WARN_STRICT_PROTOTYPES = YES;
				CLANG_WARN_SUSPICIOUS_MOVE = YES;
				CLANG_WARN_UNGUARDED_AVAILABILITY = YES_AGGRESSIVE;
				CLANG_WARN_UNREACHABLE_CODE = YES;
				CLANG_WARN__DUPLICATE_METHOD_MATCH = YES;
				CODE_SIGN_IDENTITY = "iPhone Developer";
				COPY_PHASE_STRIP = NO;
				DEBUG_INFORMATION_FORMAT = dwarf;
				ENABLE_STRICT_OBJC_MSGSEND = YES;
				ENABLE_TESTABILITY = YES;
				GCC_C_LANGUAGE_STANDARD = gnu11;
				GCC_DYNAMIC_NO_PIC = NO;
				GCC_NO_COMMON_BLOCKS = YES;
				GCC_OPTIMIZATION_LEVEL = 0;
				GCC_PREPROCESSOR_DEFINITIONS = (
					"DEBUG=1",
					"$(inherited)",
				);
				GCC_WARN_64_TO_32_BIT_CONVERSION = YES;
				GCC_WARN_ABOUT_RETURN_TYPE = YES_ERROR;
				GCC_WARN_UNDECLARED_SELECTOR = YES;
				GCC_WARN_UNINITIALIZED_AUTOS = YES_AGGRESSIVE;
				GCC_WARN_UNUSED_FUNCTION = YES;
				GCC_WARN_UNUSED_VARIABLE = YES;
				IPHONEOS_DEPLOYMENT_TARGET = 12.1;
				MTL_ENABLE_DEBUG_INFO = INCLUDE_SOURCE;
				MTL_FAST_MATH = YES;
				ONLY_ACTIVE_ARCH = YES;
				SDKROOT = iphoneos;
				SWIFT_ACTIVE_COMPILATION_CONDITIONS = DEBUG;
				SWIFT_OPTIMIZATION_LEVEL = "-Onone";
			};
			name = Debug;
		};
		16713747223F1D8400BFCC9D /* Release */ = {
			isa = XCBuildConfiguration;
			buildSettings = {
				ALWAYS_SEARCH_USER_PATHS = NO;
				CLANG_ANALYZER_NONNULL = YES;
				CLANG_ANALYZER_NUMBER_OBJECT_CONVERSION = YES_AGGRESSIVE;
				CLANG_CXX_LANGUAGE_STANDARD = "gnu++14";
				CLANG_CXX_LIBRARY = "libc++";
				CLANG_ENABLE_MODULES = YES;
				CLANG_ENABLE_OBJC_ARC = YES;
				CLANG_ENABLE_OBJC_WEAK = YES;
				CLANG_WARN_BLOCK_CAPTURE_AUTORELEASING = YES;
				CLANG_WARN_BOOL_CONVERSION = YES;
				CLANG_WARN_COMMA = YES;
				CLANG_WARN_CONSTANT_CONVERSION = YES;
				CLANG_WARN_DEPRECATED_OBJC_IMPLEMENTATIONS = YES;
				CLANG_WARN_DIRECT_OBJC_ISA_USAGE = YES_ERROR;
				CLANG_WARN_DOCUMENTATION_COMMENTS = YES;
				CLANG_WARN_EMPTY_BODY = YES;
				CLANG_WARN_ENUM_CONVERSION = YES;
				CLANG_WARN_INFINITE_RECURSION = YES;
				CLANG_WARN_INT_CONVERSION = YES;
				CLANG_WARN_NON_LITERAL_NULL_CONVERSION = YES;
				CLANG_WARN_OBJC_IMPLICIT_RETAIN_SELF = YES;
				CLANG_WARN_OBJC_LITERAL_CONVERSION = YES;
				CLANG_WARN_OBJC_ROOT_CLASS = YES_ERROR;
				CLANG_WARN_RANGE_LOOP_ANALYSIS = YES;
				CLANG_WARN_STRICT_PROTOTYPES = YES;
				CLANG_WARN_SUSPICIOUS_MOVE = YES;
				CLANG_WARN_UNGUARDED_AVAILABILITY = YES_AGGRESSIVE;
				CLANG_WARN_UNREACHABLE_CODE = YES;
				CLANG_WARN__DUPLICATE_METHOD_MATCH = YES;
				CODE_SIGN_IDENTITY = "iPhone Developer";
				COPY_PHASE_STRIP = NO;
				DEBUG_INFORMATION_FORMAT = "dwarf-with-dsym";
				ENABLE_NS_ASSERTIONS = NO;
				ENABLE_STRICT_OBJC_MSGSEND = YES;
				GCC_C_LANGUAGE_STANDARD = gnu11;
				GCC_NO_COMMON_BLOCKS = YES;
				GCC_WARN_64_TO_32_BIT_CONVERSION = YES;
				GCC_WARN_ABOUT_RETURN_TYPE = YES_ERROR;
				GCC_WARN_UNDECLARED_SELECTOR = YES;
				GCC_WARN_UNINITIALIZED_AUTOS = YES_AGGRESSIVE;
				GCC_WARN_UNUSED_FUNCTION = YES;
				GCC_WARN_UNUSED_VARIABLE = YES;
				IPHONEOS_DEPLOYMENT_TARGET = 12.1;
				MTL_ENABLE_DEBUG_INFO = NO;
				MTL_FAST_MATH = YES;
				SDKROOT = iphoneos;
				SWIFT_COMPILATION_MODE = wholemodule;
				SWIFT_OPTIMIZATION_LEVEL = "-O";
				VALIDATE_PRODUCT = YES;
			};
			name = Release;
		};
		16713749223F1D8400BFCC9D /* Debug */ = {
			isa = XCBuildConfiguration;
			buildSettings = {
				ALWAYS_EMBED_SWIFT_STANDARD_LIBRARIES = YES;
				ASSETCATALOG_COMPILER_APPICON_NAME = AppIcon;
				CODE_SIGN_ENTITLEMENTS = "pass-share/pass-share.entitlements";
				CODE_SIGN_IDENTITY = "iPhone Developer";
				CODE_SIGN_STYLE = Automatic;
				DEVELOPMENT_TEAM = Y6KDS2279Z;
				FRAMEWORK_SEARCH_PATHS = (
					"$(inherited)",
					"$(PROJECT_DIR)/Carthage/Build/iOS",
				);
				INFOPLIST_FILE = "pass-share/Info.plist";
				LD_RUNPATH_SEARCH_PATHS = (
					"$(inherited)",
					"@executable_path/Frameworks",
				);
				PRODUCT_BUNDLE_IDENTIFIER = "com.passshare.pass-share";
				PRODUCT_NAME = "$(TARGET_NAME)";
				PROVISIONING_PROFILE_SPECIFIER = "";
				SWIFT_VERSION = 5.0;
				TARGETED_DEVICE_FAMILY = "1,2";
			};
			name = Debug;
		};
		1671374A223F1D8400BFCC9D /* Release */ = {
			isa = XCBuildConfiguration;
			buildSettings = {
				ALWAYS_EMBED_SWIFT_STANDARD_LIBRARIES = YES;
				ASSETCATALOG_COMPILER_APPICON_NAME = AppIcon;
				CODE_SIGN_ENTITLEMENTS = "pass-share/pass-share.entitlements";
				CODE_SIGN_IDENTITY = "iPhone Developer";
				CODE_SIGN_STYLE = Automatic;
				DEVELOPMENT_TEAM = Y6KDS2279Z;
				FRAMEWORK_SEARCH_PATHS = (
					"$(inherited)",
					"$(PROJECT_DIR)/Carthage/Build/iOS",
				);
				INFOPLIST_FILE = "pass-share/Info.plist";
				LD_RUNPATH_SEARCH_PATHS = (
					"$(inherited)",
					"@executable_path/Frameworks",
				);
				PRODUCT_BUNDLE_IDENTIFIER = "com.passshare.pass-share";
				PRODUCT_NAME = "$(TARGET_NAME)";
				PROVISIONING_PROFILE_SPECIFIER = "";
				SWIFT_VERSION = 5.0;
				TARGETED_DEVICE_FAMILY = "1,2";
			};
			name = Release;
		};
		6D865A112244C77B0060417B /* Debug */ = {
			isa = XCBuildConfiguration;
			buildSettings = {
				CODE_SIGN_ENTITLEMENTS = "credential-provider/credential_provider.entitlements";
				CODE_SIGN_IDENTITY = "iPhone Developer";
				CODE_SIGN_STYLE = Automatic;
				DEVELOPMENT_TEAM = Y6KDS2279Z;
				FRAMEWORK_SEARCH_PATHS = (
					"$(inherited)",
					"$(PROJECT_DIR)/Carthage/Build/iOS",
				);
				INFOPLIST_FILE = "credential-provider/Info.plist";
				LD_RUNPATH_SEARCH_PATHS = (
					"$(inherited)",
					"@executable_path/Frameworks",
					"@executable_path/../../Frameworks",
				);
				PRODUCT_BUNDLE_IDENTIFIER = "com.passshare.pass-share.credential-provider";
				PRODUCT_NAME = "$(TARGET_NAME)";
				SKIP_INSTALL = YES;
				SWIFT_VERSION = 5.0;
				TARGETED_DEVICE_FAMILY = "1,2";
			};
			name = Debug;
		};
		6D865A122244C77B0060417B /* Release */ = {
			isa = XCBuildConfiguration;
			buildSettings = {
				CODE_SIGN_ENTITLEMENTS = "credential-provider/credential_provider.entitlements";
				CODE_SIGN_IDENTITY = "iPhone Developer";
				CODE_SIGN_STYLE = Automatic;
				DEVELOPMENT_TEAM = Y6KDS2279Z;
				FRAMEWORK_SEARCH_PATHS = (
					"$(inherited)",
					"$(PROJECT_DIR)/Carthage/Build/iOS",
				);
				INFOPLIST_FILE = "credential-provider/Info.plist";
				LD_RUNPATH_SEARCH_PATHS = (
					"$(inherited)",
					"@executable_path/Frameworks",
					"@executable_path/../../Frameworks",
				);
				PRODUCT_BUNDLE_IDENTIFIER = "com.passshare.pass-share.credential-provider";
				PRODUCT_NAME = "$(TARGET_NAME)";
				SKIP_INSTALL = YES;
				SWIFT_VERSION = 5.0;
				TARGETED_DEVICE_FAMILY = "1,2";
			};
			name = Release;
		};
/* End XCBuildConfiguration section */

/* Begin XCConfigurationList section */
		16713731223F1D8300BFCC9D /* Build configuration list for PBXProject "pass-share" */ = {
			isa = XCConfigurationList;
			buildConfigurations = (
				16713746223F1D8400BFCC9D /* Debug */,
				16713747223F1D8400BFCC9D /* Release */,
			);
			defaultConfigurationIsVisible = 0;
			defaultConfigurationName = Release;
		};
		16713748223F1D8400BFCC9D /* Build configuration list for PBXNativeTarget "pass-share" */ = {
			isa = XCConfigurationList;
			buildConfigurations = (
				16713749223F1D8400BFCC9D /* Debug */,
				1671374A223F1D8400BFCC9D /* Release */,
			);
			defaultConfigurationIsVisible = 0;
			defaultConfigurationName = Release;
		};
		6D865A132244C77B0060417B /* Build configuration list for PBXNativeTarget "credential-provider" */ = {
			isa = XCConfigurationList;
			buildConfigurations = (
				6D865A112244C77B0060417B /* Debug */,
				6D865A122244C77B0060417B /* Release */,
			);
			defaultConfigurationIsVisible = 0;
			defaultConfigurationName = Release;
		};
/* End XCConfigurationList section */
	};
	rootObject = 1671372E223F1D8300BFCC9D /* Project object */;
}
